{
    "_meta": {
        "hash": {
            "sha256": "854f4f3b4dcf6584522ead70141bcb20d5a34aa6ee7274333d7dcbc746a3e168"
        },
        "pipfile-spec": 6,
        "requires": {
            "python_version": "3.12"
        },
        "sources": [
            {
                "name": "pypi",
                "url": "https://pypi.org/simple",
                "verify_ssl": true
            }
        ]
    },
    "default": {
        "annotated-types": {
            "hashes": [
                "sha256:1f02e8b43a8fbbc3f3e0d4f0f4bfc8131bcb4eebe8849b8e5c773f3a1c582a53",
                "sha256:aff07c09a53a08bc8cfccb9c85b05f1aa9a2a6f23728d790723543408344ce89"
            ],
            "markers": "python_version >= '3.8'",
            "version": "==0.7.0"
        },
        "clipboard": {
            "hashes": [
                "sha256:a72a78e9c9bf68da1c3f29ee022417d13ec9e3824b511559fd2b702b1dd5b817"
            ],
            "index": "pypi",
            "version": "==0.0.4"
        },
        "inquirerpy": {
            "hashes": [
                "sha256:89d2ada0111f337483cb41ae31073108b2ec1e618a49d7110b0d7ade89fc197e",
                "sha256:c65fdfbac1fa00e3ee4fb10679f4d3ed7a012abf4833910e63c295827fe2a7d4"
            ],
            "index": "pypi",
            "markers": "python_version >= '3.7' and python_version < '4.0'",
            "version": "==0.3.4"
        },
        "markdown": {
            "hashes": [
                "sha256:994d51325d25ad8aa7ce4ebaec003febcce822c3f8c911e3b17c52f7f589f950",
                "sha256:e91464b71ae3ee7afd3017d9f358ef0baf158fd9a298db92f1d4761133824c36"
            ],
            "index": "pypi",
            "markers": "python_version >= '3.10'",
            "version": "==3.10.2"
        },
        "markdown-it-py": {
            "hashes": [
                "sha256:87327c59b172c5011896038353a81343b6754500a08cd7a4973bb48c6d578147",
                "sha256:cb0a2b4aa34f932c007117b194e945bd74e0ec24133ceb5bac59009cda1cb9f3"
            ],
            "markers": "python_version >= '3.10'",
            "version": "==4.0.0"
        },
        "mdurl": {
            "hashes": [
                "sha256:84008a41e51615a49fc9966191ff91509e3c40b939176e643fd50a5c2196b8f8",
                "sha256:bb413d29f5eea38f31dd4754dd7377d4465116fb207585f97bf925588687c1ba"
            ],
            "markers": "python_version >= '3.7'",
            "version": "==0.1.2"
        },
        "packaging": {
            "hashes": [
                "sha256:00243ae351a257117b6a241061796684b084ed1c516a08c48a3f7e147a9d80b4",
                "sha256:b36f1fef9334a5588b4166f8bcd26a14e521f2b55e6b9de3aaa80d3ff7a37529"
            ],
            "index": "pypi",
            "markers": "python_version >= '3.8'",
            "version": "==26.0"
        },
        "pfzy": {
            "hashes": [
                "sha256:5f50d5b2b3207fa72e7ec0ef08372ef652685470974a107d0d4999fc5a903a96",
                "sha256:717ea765dd10b63618e7298b2d98efd819e0b30cd5905c9707223dceeb94b3f1"
            ],
            "markers": "python_version >= '3.7' and python_version < '4.0'",
            "version": "==0.3.4"
        },
        "prompt-toolkit": {
            "hashes": [
                "sha256:28cde192929c8e7321de85de1ddbe736f1375148b02f2e17edd840042b1be855",
                "sha256:9aac639a3bbd33284347de5ad8d68ecc044b91a762dc39b7c21095fcd6a19955"
            ],
            "markers": "python_version >= '3.8'",
            "version": "==3.0.52"
        },
        "pydantic": {
            "hashes": [
                "sha256:a525087f4c03d7e7456a3de89b64cd693d2229933bb1068b9af6befd5563694e",
                "sha256:b418196607e61081c3226dcd4f0672f2a194828abb9109e9cfb84026564df2d1"
            ],
            "index": "pypi",
            "markers": "python_version >= '3.9'",
            "version": "==2.13.2"
        },
        "pydantic-core": {
            "hashes": [
                "sha256:0551f2d2ddb68af5a00e26497f8025c538f73ef3cb698f8e5a487042cd2792a8",
                "sha256:0d12d786e30c04a9d307c5d7080bf720d9bac7f1668191d8e37633a9562749e2",
                "sha256:0d5e6d6343b0b5dcacb3503b5de90022968da8ed0ab9ab39d3eda71c20cbf84e",
                "sha256:130a6c837d819ef33e8c2bf702ed2c3429237ea69807f1140943d6f4bdaf52fa",
                "sha256:13ffef637dc8370c249e5b26bd18e9a80a4fca3d809618c44e18ec834a7ca7a8",
                "sha256:154dbfdfb11b8cbd8ff4d00d0b81e3d19f4cb4bedd5aa9f091060ba071474c6a",
                "sha256:15e42885b283f87846ee79e161002c5c496ef747a73f6e47054f45a13d9035bc",
                "sha256:160ef93541f4f84e3e5068e6c1f64d8fd6f57586e5853d609b467d3333f8146a",
                "sha256:19631e7350b7a574fb6b6db222f4b17e8bd31803074b3307d07df62379d2b2e4",
                "sha256:1a9124b63f4f40a12a0666df57450b4c24b98407ff74349221b869ec085a5d8e",
                "sha256:1b0ab6d756ca2704a938e6c31b53f290c2f9c10d3914235410302a149de1a83e",
                "sha256:1b877d597afb82b4898e35354bba55de6f7f048421ae0edadbb9886ec137b532",
                "sha256:1d00b99590c5bd1fabbc5d28b170923e32c1b1071b1f1de1851a4d14d89eb192",
                "sha256:20fb194788a0a50993e87013e693494ba183a2af5b44e99cf060bbae10912b11",
                "sha256:233eebac0999b6b9ba76eb56f3ec8fce13164aa16b6d2225a36a79e0f95b5973",
                "sha256:236f22b4a206b5b61db955396b7cf9e2e1ff77f372efe9570128ccfcd6a525eb",
                "sha256:251a57788823230ca8cbc99e6245d1a2ed6e180ec4864f251c94182c580c7f2e",
                "sha256:2643ac7eae296200dbd48762a1c852cf2cad5f5e3eba34e652053cebf03becf8",
                "sha256:28708faed0b47f9d68906551a3471421ab0b15c31519e08fdb70ae6cad04d10b",
                "sha256:2c2f6e32548ac8d559b47944effcf8ae4d81c161f6b6c885edc53bc08b8f192d",
                "sha256:2ca790779aa1cba1329b8dc42ccebada441d9ac1d932de980183d544682c646d",
                "sha256:2d1128da41c9cb474e0a4701f9c363ec645c9d1a02229904c76bf4e0a194fde2",
                "sha256:3098446ba8cf774f61cb8d4008c1dba14a30426a15169cd95ac3392a461193b1",
                "sha256:30cacc5fb696e64b8ef6fd31d9549d394dd7d52760db072eecb98e37e3af1677",
                "sha256:315d32d1a71494d6b4e1e14a9fa7a4329597b4c4340088ad7e1a9dafbeed92a9",
                "sha256:32fbc7447be8e3be99bf7869f7066308f16be55b61f9882c2cefc7931f5c7664",
                "sha256:33741359798f9dc3d4244a66031575d8a86c004f7853eb9961a49e4b6fab2d0b",
                "sha256:36b1f99dc451f1a3981f236151465bcf995bbe712d0727c9f7b236fe228a8133",
                "sha256:37a68e6f2ac95578ce3c0564802404b27b24988649616e556c07e77111ed3f1d",
                "sha256:37bb079f9ee3f1a519392b73fda2a96379b31f2013c6b467fe693e7f2987f596",
                "sha256:387cbe2b2bcace397da91f9b1165a9e75da254bb306b876a43b824cc10f49ce0",
                "sha256:3a075a29ebef752784a91532a1a85be6b234ccffec0a9d7978a92696387c3da6",
                "sha256:3b0a2dee92dfaabcfb93629188c3e9cf74fdfc0f22e7c369cb444a98814a1e50",
                "sha256:404da669e5e02bf7fb2cc56715a609f63af88aea531287494467109f97865fe3",
                "sha256:41d701bb34f81f0b11c724cc544b9a10b26a28f4d0d1197f2037c91225708706",
                "sha256:48649cf2d8c358d79586e9fb2f8235902fcaa2d969ec1c5301f2d1873b2f8321",
                "sha256:48b1059e4f2a6ec3e41983148eb1eec5ef9fa3a80bbc4ac0893ac76b115fe039",
                "sha256:48b36e3235140510dc7861f0cd58b714b1cdd3d48f75e10ce52e69866b746f10",
                "sha256:4e6df5c3301e65fb42bc5338bf9a1027a02b0a31dc7f54c33775229af474daf0",
                "sha256:4f27bc4801358dc070d6697b41237fce9923d8e69a1ce1e95606ac36c1552dc1",
                "sha256:4f59b45f3ef8650c0c736a57f59031d47ed9df4c0a64e83796849d7d14863a2d",
                "sha256:547381cca999be88b4715a0ed7afa11f07fc7e53cb1883687b190d25a92c56cf",
                "sha256:56291ec1a11c3499890c99a8fd9053b47e60fe837a77ec72c0671b1b8b3dce24",
                "sha256:57c584af6c375ea3f826d8131a94cb212b3d9926eaff67117e3711bbff3a83a5",
                "sha256:5a3c2bc1cc8164bedbc160b7bb1e8cc1e8b9c27f69ae4f9ae2b976cdae02b2dd",
                "sha256:5a8e486d238850ddf2b25739317b6551d5bef9925ab004b18c552ff6e645f8a2",
                "sha256:5e2b4adb0fa46a842c492423e61063d6639cf9aea56380a02630ddcdd4894067",
                "sha256:631bec5f951a30a4b332b4a57d0cdd5a2c8187eb71301f966425f2e54a697855",
                "sha256:67db6814beaa5fefe91101ec7eb9efda613795767be96f7cf58b1ca8c9ca9972",
                "sha256:6b865eb702c3af71cf7331919a787563ce2413f7a54ef49ec6709a01b4f22ce6",
                "sha256:73a9d2809bd8d4a7cda4d336dc996a565eb4feaaa39932f9d85a65fa18382f28",
                "sha256:78cb0d2453b50bf2035f85fd0d9cfabdb98c47f9c53ddb7c23873cd83da9560b",
                "sha256:7b1c9bdca33968c0dcd875f8185b3b6275df753fe000178684b0c1738959f3cd",
                "sha256:7b42c6471288dedc979ac8400d9c9770f03967dd187db1f8d3405d4d182cc714",
                "sha256:7c5a5b3dbb9e8918e223be6580da5ffcf861c0505bbc196ebed7176ce05b7b4e",
                "sha256:7ccfb105fcfe91a22bbb5563ad3dc124bc1aa75bfd2e53a780ab05f78cdf6108",
                "sha256:7dcb9d40930dfad7ab6b20bcc6ca9d2b030b0f347a0cd9909b54bd53ead521b1",
                "sha256:7f700a6d6f64112ae9193709b84303bbab84424ad4b47d0253301aabce9dfc70",
                "sha256:807eeda5551f6884d3b4421578be37be50ddb7a58832348e99617a6714a73748",
                "sha256:83aef30f106edcc21a6a4cc44b82d3169a1dbe255508db788e778f3c804d3583",
                "sha256:83ee76bf2c9910513dbc19e7d82367131fa7508dedd6186a462393071cc11059",
                "sha256:8641c8d535c2d95b45c2e19b646ecd23ebba35d461e0ae48a3498277006250ab",
                "sha256:8a6572f3238851fde28b3194ef98cec9dbe66f1614caf4646239ea87f324121a",
                "sha256:8cbd9d67357f3a925f2af1d44db3e8ef1ce1a293ea0add98081b072d4a12e3b4",
                "sha256:8f09a713d17bcd55da8ab02ebd9110c5246a49c44182af213b5212800af8bc83",
                "sha256:8f557ce9106850c79252792962d78b987e11fcdc10e5c2252443b9a485d3bfe5",
                "sha256:91155b110788b5501abc7ea954f1d08606219e4e28e3c73a94124307c06efb80",
                "sha256:9262d11d0cd11ee3303a95156939402bed6cedfe5ed0e331b95a283a4da6eb8b",
                "sha256:99ebade8c9ada4df975372d8dd25883daa0e379a05f1cd0c99aa0c04368d01a6",
                "sha256:9a7c43a0584742dface3ca0daf6f719d46c1ac2f87cf080050f9ae052c75e1b2",
                "sha256:9cc0eee720dd2f14f3b7c349469402b99ad81a174ab49d3533974529e9d93992",
                "sha256:9f0e686960ffe9e65066395af856ac2d52c159043144433602c50c221d81c1ba",
                "sha256:a070c7769fec277409ad0b3d55b2f0a3703a6f00cf5031fe93090f155bf56382",
                "sha256:a0891a9be0def16fb320af21a198ece052eed72bf44d73d8ff43f702bd26fd6b",
                "sha256:ac204542736aa295fa25f713b7fad6fc50b46ab7764d16087575c85f085174f3",
                "sha256:ac8a65e798f2462552c00d2e013d532c94d646729dda98458beaf51f9ec7b120",
                "sha256:b089a81c58e6ea0485562bbbbbca4f65c0549521606d5ef27fba217aac9b665a",
                "sha256:b308da17b92481e0587244631c5529e5d91d04cb2b08194825627b1eca28e21e",
                "sha256:b317a2b97019c0b95ce99f4f901ae383f40132da6706cdf1731066a73394c25c",
                "sha256:b478652b580cd4cf7f2dd40dc9fde594ed1c84e5df4bafefffb8387ddb74049f",
                "sha256:b50f9c5f826ddca1246f055148df939f5f3f2d0d96db73de28e2233f22210d4c",
                "sha256:b737c0b280f41143266445de2689c0e49c79307e51c44ce3a77fef2bedad4994",
                "sha256:b839d5c802e31348b949b6473f8190cddbf7d47475856d8ac995a373ee16ec59",
                "sha256:b902f0fc7c2cf503865a05718b68147c6cd5d0a3867af38c527be574a9fa6e9d",
                "sha256:bc1e8ce33d5a337f2ba862e0719b8201cd54aaed967406c748e009191d47efdd",
                "sha256:bd195af20e53aaac6cf5d7862e34dfdf86351720c858581ccb6563e02ae59421",
                "sha256:c05f53362568c75476b5c96659377a5dfd982cfbe5a5c07de5106d08a04efc4f",
                "sha256:c1ce5b2366f85cfdbf7f0907755043707f86d09a5b1b1acebbb7bf1600d75c64",
                "sha256:c2012f64d2cd7cca50f49f22445aa5a88691ac2b4498ee0a9a977f8ca4f7289f",
                "sha256:c2e25417cec5cd9bddb151e33cb08c50160f317479ecc02b22a95ec18f8fe004",
                "sha256:c326a2b4b85e959d9a1fc3a11f32f84611b6ec07c053e1828a860edf8d068208",
                "sha256:c3ad79ed32004d9de91cacd4b5faaff44d56051392fe1d5526feda596f01af25",
                "sha256:c6b1064f3f9cf9072e1d59dd2936f9f3b668bec1c37039708c9222db703c0d5b",
                "sha256:caeed15dcb1233a5a94bc6ff37ef5393cf5b33a45e4bdfb2d6042f3d24e1cb27",
                "sha256:d07d6c63106d3a9c9a333e2636f9c82c703b1a9e3b079299e58747964e4fdb72",
                "sha256:d157c48d28eebe5d46906de06a6a2f2c9e00b67d3e42de1f1b9c2d42b810f77c",
                "sha256:d26e9eea3715008a09a74585fe9becd0c67fbb145dc4df9756d597d7230a652c",
                "sha256:d333a50bdd814a917d8d6a7ee35ba2395d53ddaa882613bc24e54a9d8b129095",
                "sha256:d61db38eb4ee5192f0c261b7f2d38e420b554df8912245e3546aee5c45e2fd78",
                "sha256:d8060f42db3cd204871db0afd51fef54a13fa544c4dd48cdcae2e174ef40c8ba",
                "sha256:d9ffa75a7ef4b97d6e5e205fabd4304ef01fec09e6f1bdde04b9ad1b07d20289",
                "sha256:dc4620a47c6fe6a39f89392c00833a82fc050ce90169798f78a25a8d4df03b6e",
                "sha256:dd51dd16182b4bfdcefd27b39b856aa4a57b77f15b231a2d10c45391b0a02028",
                "sha256:de12004a7da7f1eb67ece37439a5a23a915636085dd042176fda362e006e6940",
                "sha256:de87422197cf7f83db91d89c86a21660d749b3cd76cd8a45d115b8e675670f02",
                "sha256:df73724fce8ad53c670358c905b37930bd7b9d92e57db640a65c53b2706eee00",
                "sha256:dfff584138be087457cc474791d082fdfe32b0d427613d5494a679fe9f4eaef5",
                "sha256:e094a8f85db41aa7f6a45c5dac2950afc9862e66832934231962252b5d284eed",
                "sha256:e4e2c72a529fa03ff228be1d2b76944013f428220b764e03cc50ada67e17a42c",
                "sha256:e698fe2d8f75c4e9368ee3f4e0d3322d1180be2ec4592d3f73b2572765b1c705",
                "sha256:e69aa5e10b7e8b1bb4a6888650fd12fcbf11d396ca11d4a44de1450875702830",
                "sha256:e80011f808b03d1d87a8f1e76ae3da19a18eb706c823e17981dcf1fae43744fc",
                "sha256:e9fcabd1857492b5bf16f90258babde50f618f55d046b1309972da2396321ff9",
                "sha256:ea1ad8c89da31512fe2d249cf0638fb666925bda341901541bc5f3311c6fcc9e",
                "sha256:f0c1cbb7d6112932cc188c6be007a5e2867005a069e47f42fe67bf5f122b0908",
                "sha256:f1a6197eadff5bd0bb932f12bb038d403cb75db5b0b391e70e816a647745ddaf",
                "sha256:fa8ab79cea8a1bfe52a21a9b37859c15478d009f242f47737201ecea885b9dd9",
                "sha256:fb3ec2c7f54c07b30d89983ce78dc32c37dd06a972448b8716d609493802d628",
                "sha256:fcaa1c3c846a7f6686b38fe493d1b2e8007380e293bfef6a9354563c026cbf36",
                "sha256:fd05e1edb6a90ad446fa268ab09e59202766b837597b714b2492db11ee87fab9"
            ],
            "markers": "python_version >= '3.9'",
            "version": "==2.46.2"
        },
        "pydantic-settings": {
            "hashes": [
                "sha256:b4c11847b15237fb0171e1462bf540e294affb9b86db4d9aa5c01730bdbe4025",
                "sha256:d56fd801823dbeae7f0975e1f8c8e25c258eb75d278ea7abb5d9cebb01b56237"
            ],
            "index": "pypi",
            "markers": "python_version >= '3.10'",
            "version": "==2.13.1"
        },
        "pygments": {
            "hashes": [
                "sha256:636cb2477cec7f8952536970bc533bc43743542f70392ae026374600add5b887",
                "sha256:86540386c03d588bb81d44bc3928634ff26449851e99741617ecb9037ee5ec0b"
            ],
            "markers": "python_version >= '3.8'",
            "version": "==2.19.2"
        },
        "pyperclip": {
            "hashes": [
                "sha256:244035963e4428530d9e3a6101a1ef97209c6825edab1567beac148ccc1db1b6",
                "sha256:299403e9ff44581cb9ba2ffeed69c7aa96a008622ad0c46cb575ca75b5b84273"
            ],
            "version": "==1.11.0"
        },
        "python-dotenv": {
            "hashes": [
                "sha256:42667e897e16ab0d66954af0e60a9caa94f0fd4ecf3aaf6d2d260eec1aa36ad6",
                "sha256:b81ee9561e9ca4004139c6cbba3a238c32b03e4894671e181b671e8cb8425d61"
            ],
            "markers": "python_version >= '3.9'",
            "version": "==1.2.1"
        },
        "rich": {
            "hashes": [
                "sha256:793431c1f8619afa7d3b52b2cdec859562b950ea0d4b6b505397612db8d5362d",
                "sha256:b8daa0b9e4eef54dd8cf7c86c03713f53241884e814f4e2f5fb342fe520f639b"
            ],
            "index": "pypi",
            "markers": "python_full_version >= '3.8.0'",
            "version": "==14.3.3"
        },
        "ruamel.yaml": {
            "hashes": [
                "sha256:96ea8bafd9f3fdb0181ce3cc05e6ec02ce0a8788cbafa9b5a6e47c76fe26dfc6",
                "sha256:ff19233e1eb3e9301e7a3d437847713e361a80faace167639327efbe8c0e5f95"
            ],
            "markers": "python_version >= '3.9'",
            "version": "==0.19.0"
        },
        "ruamel.yaml.clibz": {
            "hashes": [
                "sha256:e99077ac6aa4943af1000161a0cb793a379c5c8cd03ea8dd3803e0b58739b685"
            ],
            "markers": "python_version >= '3.9'",
            "version": "==0.3.4"
        },
        "typing-extensions": {
            "hashes": [
                "sha256:0cea48d173cc12fa28ecabc3b837ea3cf6f38c6d1136f85cbaaf598984861466",
                "sha256:f0fa19c6845758ab08074a0cfa8b7aecb71c999ca73d62883bc25cc018c4e548"
            ],
            "index": "pypi",
            "markers": "python_version >= '3.9'",
            "version": "==4.15.0"
        },
        "typing-inspection": {
            "hashes": [
                "sha256:4ed1cacbdc298c220f1bd249ed5287caa16f34d44ef4e9c3d0cbad5b521545e7",
                "sha256:ba561c48a67c5958007083d386c3295464928b01faa735ab8547c5692e87f464"
            ],
            "markers": "python_version >= '3.9'",
            "version": "==0.4.2"
        },
        "wcwidth": {
            "hashes": [
                "sha256:4d478375d31bc5395a3c55c40ccdf3354688364cd61c4f6adacaa9215d0b3605",
                "sha256:a7bb560c8aee30f9957e5f9895805edd20602f2d7f720186dfd906e82b4982e1"
            ],
            "markers": "python_version >= '3.6'",
            "version": "==0.2.14"
        }
    },
    "develop": {
        "attrs": {
            "hashes": [
                "sha256:16d5969b87f0859ef33a48b35d55ac1be6e42ae49d5e853b597db70c35c57e11",
                "sha256:adcf7e2a1fb3b36ac48d97835bb6d8ade15b8dcce26aba8bf1d14847b57a3373"
            ],
            "markers": "python_version >= '3.9'",
            "version": "==25.4.0"
        },
        "black": {
            "hashes": [
                "sha256:0126ae5b7c09957da2bdbd91a9ba1207453feada9e9fe51992848658c6c8e01c",
                "sha256:0f76ff19ec5297dd8e66eb64deda23631e642c9393ab592826fd4bdc97a4bce7",
                "sha256:28ef38aee69e4b12fda8dba75e21f9b4f979b490c8ac0baa7cb505369ac9e1ff",
                "sha256:2bd5aa94fc267d38bb21a70d7410a89f1a1d318841855f698746f8e7f51acd1b",
                "sha256:2c50f5063a9641c7eed7795014ba37b0f5fa227f3d408b968936e24bc0566b07",
                "sha256:2d6bfaf7fd0993b420bed691f20f9492d53ce9a2bcccea4b797d34e947318a78",
                "sha256:41cd2012d35b47d589cb8a16faf8a32ef7a336f56356babd9fcf70939ad1897f",
                "sha256:474c27574d6d7037c1bc875a81d9be0a9a4f9ee95e62800dab3cfaadbf75acd5",
                "sha256:5602bdb96d52d2d0672f24f6ffe5218795736dd34807fd0fd55ccd6bf206168b",
                "sha256:5e9d0d86df21f2e1677cc4bd090cd0e446278bcbbe49bf3659c308c3e402843e",
                "sha256:5ed0ca58586c8d9a487352a96b15272b7fa55d139fc8496b519e78023a8dab0a",
                "sha256:6c54a4a82e291a1fee5137371ab488866b7c86a3305af4026bdd4dc78642e1ac",
                "sha256:6e131579c243c98f35bce64a7e08e87fb2d610544754675d4a0e73a070a5aa3a",
                "sha256:855822d90f884905362f602880ed8b5df1b7e3ee7d0db2502d4388a954cc8c54",
                "sha256:86a8b5035fce64f5dcd1b794cf8ec4d31fe458cf6ce3986a30deb434df82a1d2",
                "sha256:8a33d657f3276328ce00e4d37fe70361e1ec7614da5d7b6e78de5426cb56332f",
                "sha256:92c0ec1f2cc149551a2b7b47efc32c866406b6891b0ee4625e95967c8f4acfb1",
                "sha256:9a5e9f45e5d5e1c5b5c29b3bd4265dcc90e8b92cf4534520896ed77f791f4da5",
                "sha256:afc622538b430aa4c8c853f7f63bc582b3b8030fd8c80b70fb5fa5b834e575c2",
                "sha256:b07fc0dab849d24a80a29cfab8d8a19187d1c4685d8a5e6385a5ce323c1f015f",
                "sha256:b5e6f89631eb88a7302d416594a32faeee9fb8fb848290da9d0a5f2903519fc1",
                "sha256:bf9bf162ed91a26f1adba8efda0b573bc6924ec1408a52cc6f82cb73ec2b142c",
                "sha256:c7e72339f841b5a237ff14f7d3880ddd0fc7f98a1199e8c4327f9a4f478c1839",
                "sha256:ddb113db38838eb9f043623ba274cfaf7d51d5b0c22ecb30afe58b1bb8322983",
                "sha256:dfdd51fc3e64ea4f35873d1b3fb25326773d55d2329ff8449139ebaad7357efb",
                "sha256:f1cd08e99d2f9317292a311dfe578fd2a24b15dbce97792f9c4d752275c1fa56",
                "sha256:f89f2ab047c76a9c03f78d0d66ca519e389519902fa27e7a91117ef7611c0568"
            ],
            "index": "pypi",
            "markers": "python_version >= '3.10'",
            "version": "==26.3.1"
        },
        "click": {
            "hashes": [
                "sha256:12ff4785d337a1bb490bb7e9c2b1ee5da3112e94a8622f26a6c77f5d2fc6842a",
                "sha256:981153a64e25f12d547d3426c367a4857371575ee7ad18df2a6183ab0545b2a6"
            ],
            "markers": "python_version >= '3.10'",
            "version": "==8.3.1"
        },
        "execnet": {
            "hashes": [
                "sha256:63d83bfdd9a23e35b9c6a3261412324f964c2ec8dcd8d3c6916ee9373e0befcd",
                "sha256:67fba928dd5a544b783f6056f449e5e3931a5c378b128bc18501f7ea79e296ec"
            ],
            "markers": "python_version >= '3.8'",
            "version": "==2.1.2"
        },
        "flake8": {
            "hashes": [
                "sha256:b9696257b9ce8beb888cdbe31cf885c90d31928fe202be0889a7cdafad32f01e",
                "sha256:fe044858146b9fc69b551a4b490d69cf960fcb78ad1edcb84e7fbb1b4a8e3872"
            ],
            "index": "pypi",
            "markers": "python_version >= '3.9'",
            "version": "==7.3.0"
        },
        "flake8-bugbear": {
            "hashes": [
                "sha256:9bf15e2970e736d2340da4c0a70493db964061c9c38f708cfe1f7b2d87392298",
                "sha256:b5d06710f3d26e595541ad303ad4d5cb52578bd4bccbb2c2c0b2c72e243dafc8"
            ],
            "index": "pypi",
            "markers": "python_version >= '3.10'",
            "version": "==25.11.29"
        },
        "iniconfig": {
            "hashes": [
                "sha256:c76315c77db068650d49c5b56314774a7804df16fee4402c1f19d6d15d8c4730",
                "sha256:f631c04d2c48c52b84d0d0549c99ff3859c98df65b3101406327ecc7d53fbf12"
            ],
            "markers": "python_version >= '3.10'",
            "version": "==2.3.0"
        },
        "mccabe": {
            "hashes": [
                "sha256:348e0240c33b60bbdf4e523192ef919f28cb2c3d7d5c7794f74009290f236325",
                "sha256:6c2d30ab6be0e4a46919781807b4f0d834ebdd6c6e3dca0bda5a15f863427b6e"
            ],
            "markers": "python_version >= '3.6'",
            "version": "==0.7.0"
        },
        "mypy-extensions": {
            "hashes": [
                "sha256:1be4cccdb0f2482337c4743e60421de3a356cd97508abadd57d47403e94f5505",
                "sha256:52e68efc3284861e772bbcd66823fde5ae21fd2fdb51c62a211403730b916558"
            ],
            "markers": "python_version >= '3.8'",
            "version": "==1.1.0"
        },
        "packaging": {
            "hashes": [
                "sha256:00243ae351a257117b6a241061796684b084ed1c516a08c48a3f7e147a9d80b4",
                "sha256:b36f1fef9334a5588b4166f8bcd26a14e521f2b55e6b9de3aaa80d3ff7a37529"
            ],
            "markers": "python_version >= '3.8'",
            "version": "==26.0"
        },
        "pathspec": {
            "hashes": [
                "sha256:0210e2ae8a21a9137c0d470578cb0e595af87edaa6ebf12ff176f14a02e0e645",
                "sha256:fb6ae2fd4e7c921a165808a552060e722767cfa526f99ca5156ed2ce45a5c723"
            ],
            "markers": "python_version >= '3.9'",
            "version": "==1.0.4"
        },
        "platformdirs": {
            "hashes": [
                "sha256:1ec356301b7dc906d83f371c8f487070e99d3ccf9e501686456394622a01a934",
                "sha256:68a9a4619a666ea6439f2ff250c12a853cd1cbd5158d258bd824a7df6be2f868"
            ],
            "markers": "python_version >= '3.10'",
            "version": "==4.9.4"
        },
        "pluggy": {
            "hashes": [
                "sha256:7dcc130b76258d33b90f61b658791dede3486c3e6bfb003ee5c9bfb396dd22f3",
                "sha256:e920276dd6813095e9377c0bc5566d94c932c33b27a3e3945d8389c374dd4746"
            ],
            "markers": "python_version >= '3.9'",
            "version": "==1.6.0"
        },
        "pycodestyle": {
            "hashes": [
                "sha256:c4b5b517d278089ff9d0abdec919cd97262a3367449ea1c8b49b91529167b783",
                "sha256:dd6bf7cb4ee77f8e016f9c8e74a35ddd9f67e1d5fd4184d86c3b98e07099f42d"
            ],
            "markers": "python_version >= '3.9'",
            "version": "==2.14.0"
        },
        "pyflakes": {
            "hashes": [
                "sha256:b24f96fafb7d2ab0ec5075b7350b3d2d2218eab42003821c06344973d3ea2f58",
                "sha256:f742a7dbd0d9cb9ea41e9a24a918996e8170c799fa528688d40dd582c8265f4f"
            ],
            "markers": "python_version >= '3.9'",
            "version": "==3.4.0"
        },
        "pygments": {
            "hashes": [
                "sha256:6757cd03768053ff99f3039c1a36d6c0aa0b263438fcab17520b30a303a82b5f",
                "sha256:81a9e26dd42fd28a23a2d169d86d7ac03b46e2f8b59ed4698fb4785f946d0176"
            ],
            "markers": "python_version >= '3.9'",
            "version": "==2.20.0"
        },
        "pytest": {
            "hashes": [
                "sha256:2c5efc453d45394fdd706ade797c0a81091eccd1d6e4bccfcd476e2b8e0ab5d9",
                "sha256:b86ada508af81d19edeb213c681b1d48246c1a91d304c6c81a427674c17eb91c"
            ],
            "index": "pypi",
            "markers": "python_version >= '3.10'",
            "version": "==9.0.3"
        },
        "pytest-xdist": {
            "hashes": [
                "sha256:202ca578cfeb7370784a8c33d6d05bc6e13b4f25b5053c30a152269fd10f0b88",
                "sha256:7e578125ec9bc6050861aa93f2d59f1d8d085595d6551c2c90b6f4fad8d3a9f1"
            ],
            "index": "pypi",
            "markers": "python_version >= '3.9'",
            "version": "==3.8.0"
        },
        "pytokens": {
            "hashes": [
                "sha256:0fc71786e629cef478cbf29d7ea1923299181d0699dbe7c3c0f4a583811d9fc1",
                "sha256:11edda0942da80ff58c4408407616a310adecae1ddd22eef8c692fe266fa5009",
                "sha256:140709331e846b728475786df8aeb27d24f48cbcf7bcd449f8de75cae7a45083",
                "sha256:24afde1f53d95348b5a0eb19488661147285ca4dd7ed752bbc3e1c6242a304d1",
                "sha256:26cef14744a8385f35d0e095dc8b3a7583f6c953c2e3d269c7f82484bf5ad2de",
                "sha256:27b83ad28825978742beef057bfe406ad6ed524b2d28c252c5de7b4a6dd48fa2",
                "sha256:292052fe80923aae2260c073f822ceba21f3872ced9a68bb7953b348e561179a",
                "sha256:29d1d8fb1030af4d231789959f21821ab6325e463f0503a61d204343c9b355d1",
                "sha256:2a44ed93ea23415c54f3face3b65ef2b844d96aeb3455b8a69b3df6beab6acc5",
                "sha256:30f51edd9bb7f85c748979384165601d028b84f7bd13fe14d3e065304093916a",
                "sha256:34bcc734bd2f2d5fe3b34e7b3c0116bfb2397f2d9666139988e7a3eb5f7400e3",
                "sha256:3ad72b851e781478366288743198101e5eb34a414f1d5627cdd585ca3b25f1db",
                "sha256:3f901fe783e06e48e8cbdc82d631fca8f118333798193e026a50ce1b3757ea68",
                "sha256:42f144f3aafa5d92bad964d471a581651e28b24434d184871bd02e3a0d956037",
                "sha256:4a14d5f5fc78ce85e426aa159489e2d5961acf0e47575e08f35584009178e321",
                "sha256:4a58d057208cb9075c144950d789511220b07636dd2e4708d5645d24de666bdc",
                "sha256:4e691d7f5186bd2842c14813f79f8884bb03f5995f0575272009982c5ac6c0f7",
                "sha256:5502408cab1cb18e128570f8d598981c68a50d0cbd7c61312a90507cd3a1276f",
                "sha256:584c80c24b078eec1e227079d56dc22ff755e0ba8654d8383b2c549107528918",
                "sha256:5ad948d085ed6c16413eb5fec6b3e02fa00dc29a2534f088d3302c47eb59adf9",
                "sha256:670d286910b531c7b7e3c0b453fd8156f250adb140146d234a82219459b9640c",
                "sha256:682fa37ff4d8e95f7df6fe6fe6a431e8ed8e788023c6bcc0f0880a12eab80ad1",
                "sha256:6d6c4268598f762bc8e91f5dbf2ab2f61f7b95bdc07953b602db879b3c8c18e1",
                "sha256:79fc6b8699564e1f9b521582c35435f1bd32dd06822322ec44afdeba666d8cb3",
                "sha256:8bdb9d0ce90cbf99c525e75a2fa415144fd570a1ba987380190e8b786bc6ef9b",
                "sha256:8fcb9ba3709ff77e77f1c7022ff11d13553f3c30299a9fe246a166903e9091eb",
                "sha256:941d4343bf27b605e9213b26bfa1c4bf197c9c599a9627eb7305b0defcfe40c1",
                "sha256:967cf6e3fd4adf7de8fc73cd3043754ae79c36475c1c11d514fc72cf5490094a",
                "sha256:970b08dd6b86058b6dc07efe9e98414f5102974716232d10f32ff39701e841c4",
                "sha256:97f50fd18543be72da51dd505e2ed20d2228c74e0464e4262e4899797803d7fa",
                "sha256:9bd7d7f544d362576be74f9d5901a22f317efc20046efe2034dced238cbbfe78",
                "sha256:add8bf86b71a5d9fb5b89f023a80b791e04fba57960aa790cc6125f7f1d39dfe",
                "sha256:b35d7e5ad269804f6697727702da3c517bb8a5228afa450ab0fa787732055fc9",
                "sha256:b49750419d300e2b5a3813cf229d4e5a4c728dae470bcc89867a9ad6f25a722d",
                "sha256:d31b97b3de0f61571a124a00ffe9a81fb9939146c122c11060725bd5aea79975",
                "sha256:d70e77c55ae8380c91c0c18dea05951482e263982911fc7410b1ffd1dadd3440",
                "sha256:d9907d61f15bf7261d7e775bd5d7ee4d2930e04424bab1972591918497623a16",
                "sha256:da5baeaf7116dced9c6bb76dc31ba04a2dc3695f3d9f74741d7910122b456edc",
                "sha256:dc74c035f9bfca0255c1af77ddd2d6ae8419012805453e4b0e7513e17904545d",
                "sha256:dcafc12c30dbaf1e2af0490978352e0c4041a7cde31f4f81435c2a5e8b9cabb6",
                "sha256:ee44d0f85b803321710f9239f335aafe16553b39106384cef8e6de40cb4ef2f6",
                "sha256:f66a6bbe741bd431f6d741e617e0f39ec7257ca1f89089593479347cc4d13324"
            ],
            "markers": "python_version >= '3.8'",
            "version": "==0.4.1"
        }
    }
}
